// !$*UTF8*$!
{
	archiveVersion = 1;
	classes = {
	};
	objectVersion = 55;
	objects = {

/* Begin PBXBuildFile section */
		2A8EB12C28957E8C00BB6D04 /* MusicModel.swift in Sources */ = {isa = PBXBuildFile; fileRef = 2A8EB12B28957E8C00BB6D04 /* MusicModel.swift */; };
		38C4461D2893F323009EED5E /* ResultScreenViewController.swift in Sources */ = {isa = PBXBuildFile; fileRef = 38C4461C2893F323009EED5E /* ResultScreenViewController.swift */; };
		38C4461F2893F346009EED5E /* ResultScreenView.swift in Sources */ = {isa = PBXBuildFile; fileRef = 38C4461E2893F346009EED5E /* ResultScreenView.swift */; };
		38EA911C2892ABF00001E9C4 /* DifficultyPage.swift in Sources */ = {isa = PBXBuildFile; fileRef = 38EA911B2892ABF00001E9C4 /* DifficultyPage.swift */; };
		77448CA6289020C20040A442 /* AppDelegate.swift in Sources */ = {isa = PBXBuildFile; fileRef = 77448CA5289020C20040A442 /* AppDelegate.swift */; };
		77448CAA289020C20040A442 /* StartMenuViewController.swift in Sources */ = {isa = PBXBuildFile; fileRef = 77448CA9289020C20040A442 /* StartMenuViewController.swift */; };
		77448CAF289020C50040A442 /* Assets.xcassets in Resources */ = {isa = PBXBuildFile; fileRef = 77448CAE289020C50040A442 /* Assets.xcassets */; };
		77448CBE28902F0D0040A442 /* StartMenuView.swift in Sources */ = {isa = PBXBuildFile; fileRef = 77448CBD28902F0D0040A442 /* StartMenuView.swift */; };
		77448CC0289047CF0040A442 /* CustomButton.swift in Sources */ = {isa = PBXBuildFile; fileRef = 77448CBF289047CF0040A442 /* CustomButton.swift */; };
		77448CCA289132E60040A442 /* Phosphate.ttc in Resources */ = {isa = PBXBuildFile; fileRef = 77448CC8289132E60040A442 /* Phosphate.ttc */; };
		77448CCB289132E60040A442 /* Piazzolla.ttf in Resources */ = {isa = PBXBuildFile; fileRef = 77448CC9289132E60040A442 /* Piazzolla.ttf */; };
		77448CCE289149770040A442 /* RulesView.swift in Sources */ = {isa = PBXBuildFile; fileRef = 77448CCD289149770040A442 /* RulesView.swift */; };
		77448CD02891499E0040A442 /* RulesViewController.swift in Sources */ = {isa = PBXBuildFile; fileRef = 77448CCF2891499E0040A442 /* RulesViewController.swift */; };
		77448CD228914B520040A442 /* Piazzolla-Black.ttf in Resources */ = {isa = PBXBuildFile; fileRef = 77448CD128914B510040A442 /* Piazzolla-Black.ttf */; };
		77448CD82891AB940040A442 /* RuleDescriptionCustomView.swift in Sources */ = {isa = PBXBuildFile; fileRef = 77448CD72891AB930040A442 /* RuleDescriptionCustomView.swift */; };
		77448CDC289229DC0040A442 /* GameScreenViewController.swift in Sources */ = {isa = PBXBuildFile; fileRef = 77448CDA289229DB0040A442 /* GameScreenViewController.swift */; };
		77448CDD289229DC0040A442 /* GameScreenView.swift in Sources */ = {isa = PBXBuildFile; fileRef = 77448CDB289229DB0040A442 /* GameScreenView.swift */; };
		77448CE2289229F90040A442 /* DifficultyChoiceModel.swift in Sources */ = {isa = PBXBuildFile; fileRef = 77448CDF289229F90040A442 /* DifficultyChoiceModel.swift */; };
		77448CE3289229F90040A442 /* DifficultyPageView.swift in Sources */ = {isa = PBXBuildFile; fileRef = 77448CE0289229F90040A442 /* DifficultyPageView.swift */; };
		77448CE4289229F90040A442 /* DifficultyPageViewController.swift in Sources */ = {isa = PBXBuildFile; fileRef = 77448CE1289229F90040A442 /* DifficultyPageViewController.swift */; };
		77448CEB289255770040A442 /* TeamsMenuViewController.swift in Sources */ = {isa = PBXBuildFile; fileRef = 77448CE7289255770040A442 /* TeamsMenuViewController.swift */; };
		77448CEC289255770040A442 /* TeamsMenuView.swift in Sources */ = {isa = PBXBuildFile; fileRef = 77448CE8289255770040A442 /* TeamsMenuView.swift */; };
		77448CEE289255770040A442 /* TeamCell.swift in Sources */ = {isa = PBXBuildFile; fileRef = 77448CEA289255770040A442 /* TeamCell.swift */; };
		77448CF9289261760040A442 /* Right Answer.wav in Resources */ = {isa = PBXBuildFile; fileRef = 77448CF0289261730040A442 /* Right Answer.wav */; };
		77448CFA289261760040A442 /* Rules Music.mp3 in Resources */ = {isa = PBXBuildFile; fileRef = 77448CF1289261740040A442 /* Rules Music.mp3 */; };
		77448CFB289261760040A442 /* Last 5 sec.wav in Resources */ = {isa = PBXBuildFile; fileRef = 77448CF2289261750040A442 /* Last 5 sec.wav */; };
		77448CFC289261760040A442 /* Rady-Stady-Go.wav in Resources */ = {isa = PBXBuildFile; fileRef = 77448CF3289261750040A442 /* Rady-Stady-Go.wav */; };
		77448CFD289261760040A442 /* Background Music.mp3 in Resources */ = {isa = PBXBuildFile; fileRef = 77448CF4289261750040A442 /* Background Music.mp3 */; };
		77448CFE289261760040A442 /* Transition.wav in Resources */ = {isa = PBXBuildFile; fileRef = 77448CF5289261750040A442 /* Transition.wav */; };
		77448CFF289261760040A442 /* Wrong Answer.wav in Resources */ = {isa = PBXBuildFile; fileRef = 77448CF6289261750040A442 /* Wrong Answer.wav */; };
		77448D00289261760040A442 /* Start Timer.wav in Resources */ = {isa = PBXBuildFile; fileRef = 77448CF7289261750040A442 /* Start Timer.wav */; };
		77448D01289261760040A442 /* Fanfare For The Champion.wav in Resources */ = {isa = PBXBuildFile; fileRef = 77448CF8289261760040A442 /* Fanfare For The Champion.wav */; };
		77448D062892A3190040A442 /* WordSetsModel.swift in Sources */ = {isa = PBXBuildFile; fileRef = 77448D052892A3190040A442 /* WordSetsModel.swift */; };
		77448D0E2892C7170040A442 /* AppNavigationController.swift in Sources */ = {isa = PBXBuildFile; fileRef = 77448D0D2892C7170040A442 /* AppNavigationController.swift */; };
		77448D102892DCF20040A442 /* CustomViewController.swift in Sources */ = {isa = PBXBuildFile; fileRef = 77448D0F2892DCF10040A442 /* CustomViewController.swift */; };
		77CF5EB228953944001C9A2F /* Launch Screen.storyboard in Resources */ = {isa = PBXBuildFile; fileRef = 77CF5EB128953944001C9A2F /* Launch Screen.storyboard */; };
		77CF5EB62895569D001C9A2F /* CustomNavigationBar.swift in Sources */ = {isa = PBXBuildFile; fileRef = 77CF5EB52895569D001C9A2F /* CustomNavigationBar.swift */; };
		77CF5EBE2895A493001C9A2F /* Team.swift in Sources */ = {isa = PBXBuildFile; fileRef = 77CF5EBC2895A493001C9A2F /* Team.swift */; };
		77CF5EBF2895A493001C9A2F /* Teams.swift in Sources */ = {isa = PBXBuildFile; fileRef = 77CF5EBD2895A493001C9A2F /* Teams.swift */; };
		77CF5EC12895A4F9001C9A2F /* SetWords.json in Resources */ = {isa = PBXBuildFile; fileRef = 77CF5EC02895A4F9001C9A2F /* SetWords.json */; };
		77CF5EC32895BEFC001C9A2F /* MyCustomBackButton.swift in Sources */ = {isa = PBXBuildFile; fileRef = 77CF5EC22895BEFC001C9A2F /* MyCustomBackButton.swift */; };
		77CF5EC5289691F9001C9A2F /* UIView+Constraints.swift in Sources */ = {isa = PBXBuildFile; fileRef = 77CF5EC4289691F9001C9A2F /* UIView+Constraints.swift */; };
		77CF5ECA2896C213001C9A2F /* GameEngine.swift in Sources */ = {isa = PBXBuildFile; fileRef = 77CF5EC92896C213001C9A2F /* GameEngine.swift */; };
		77CF5ECC2896C39B001C9A2F /* GameRound.swift in Sources */ = {isa = PBXBuildFile; fileRef = 77CF5ECB2896C39B001C9A2F /* GameRound.swift */; };
		77CF5ED52896FD0A001C9A2F /* NetworkManager.swift in Sources */ = {isa = PBXBuildFile; fileRef = 77CF5ED42896FD0A001C9A2F /* NetworkManager.swift */; };
		9F13E32A28940E970067D43A /* AlertManager.swift in Sources */ = {isa = PBXBuildFile; fileRef = 9F13E32928940E970067D43A /* AlertManager.swift */; };
		9F7F697F2896BFD7007AA3DA /* JokeViewController.swift in Sources */ = {isa = PBXBuildFile; fileRef = 9F7F697E2896BFD7007AA3DA /* JokeViewController.swift */; };
		9F7F69812896C002007AA3DA /* JokeView.swift in Sources */ = {isa = PBXBuildFile; fileRef = 9F7F69802896C002007AA3DA /* JokeView.swift */; };
		9F8121CE28944CE60012BCEF /* BrainResultScreen.swift in Sources */ = {isa = PBXBuildFile; fileRef = 9F8121CD28944CE60012BCEF /* BrainResultScreen.swift */; };
		9FBD47AD289270A200687891 /* ScoreViewController.swift in Sources */ = {isa = PBXBuildFile; fileRef = 9FBD47AC289270A200687891 /* ScoreViewController.swift */; };
		9FBD47AF28927B4700687891 /* ScoreView.swift in Sources */ = {isa = PBXBuildFile; fileRef = 9FBD47AE28927B4700687891 /* ScoreView.swift */; };
		9FBD47B128927C0000687891 /* ScoreCell.swift in Sources */ = {isa = PBXBuildFile; fileRef = 9FBD47B028927C0000687891 /* ScoreCell.swift */; };
		9FBD47B62892CDD300687891 /* JokeApiModel.swift in Sources */ = {isa = PBXBuildFile; fileRef = 9FBD47B52892CDD300687891 /* JokeApiModel.swift */; };
		9FBD47B92892CE0F00687891 /* JokeModel.swift in Sources */ = {isa = PBXBuildFile; fileRef = 9FBD47B82892CE0F00687891 /* JokeModel.swift */; };
/* End PBXBuildFile section */

/* Begin PBXFileReference section */
		2A8EB12B28957E8C00BB6D04 /* MusicModel.swift */ = {isa = PBXFileReference; lastKnownFileType = sourcecode.swift; path = MusicModel.swift; sourceTree = "<group>"; };
		38C4461C2893F323009EED5E /* ResultScreenViewController.swift */ = {isa = PBXFileReference; lastKnownFileType = sourcecode.swift; path = ResultScreenViewController.swift; sourceTree = "<group>"; };
		38C4461E2893F346009EED5E /* ResultScreenView.swift */ = {isa = PBXFileReference; lastKnownFileType = sourcecode.swift; path = ResultScreenView.swift; sourceTree = "<group>"; };
		38EA911B2892ABF00001E9C4 /* DifficultyPage.swift */ = {isa = PBXFileReference; lastKnownFileType = sourcecode.swift; path = DifficultyPage.swift; sourceTree = "<group>"; };
		77448CA2289020C20040A442 /* Alias.app */ = {isa = PBXFileReference; explicitFileType = wrapper.application; includeInIndex = 0; path = Alias.app; sourceTree = BUILT_PRODUCTS_DIR; };
		77448CA5289020C20040A442 /* AppDelegate.swift */ = {isa = PBXFileReference; lastKnownFileType = sourcecode.swift; path = AppDelegate.swift; sourceTree = "<group>"; };
		77448CA9289020C20040A442 /* StartMenuViewController.swift */ = {isa = PBXFileReference; lastKnownFileType = sourcecode.swift; path = StartMenuViewController.swift; sourceTree = "<group>"; };
		77448CAE289020C50040A442 /* Assets.xcassets */ = {isa = PBXFileReference; lastKnownFileType = folder.assetcatalog; path = Assets.xcassets; sourceTree = "<group>"; };
		77448CB3289020C50040A442 /* Info.plist */ = {isa = PBXFileReference; lastKnownFileType = text.plist.xml; path = Info.plist; sourceTree = "<group>"; };
		77448CBD28902F0D0040A442 /* StartMenuView.swift */ = {isa = PBXFileReference; lastKnownFileType = sourcecode.swift; path = StartMenuView.swift; sourceTree = "<group>"; };
		77448CBF289047CF0040A442 /* CustomButton.swift */ = {isa = PBXFileReference; lastKnownFileType = sourcecode.swift; path = CustomButton.swift; sourceTree = "<group>"; };
		77448CC8289132E60040A442 /* Phosphate.ttc */ = {isa = PBXFileReference; lastKnownFileType = file; path = Phosphate.ttc; sourceTree = "<group>"; };
		77448CC9289132E60040A442 /* Piazzolla.ttf */ = {isa = PBXFileReference; lastKnownFileType = file; path = Piazzolla.ttf; sourceTree = "<group>"; };
		77448CCD289149770040A442 /* RulesView.swift */ = {isa = PBXFileReference; lastKnownFileType = sourcecode.swift; path = RulesView.swift; sourceTree = "<group>"; };
		77448CCF2891499E0040A442 /* RulesViewController.swift */ = {isa = PBXFileReference; lastKnownFileType = sourcecode.swift; path = RulesViewController.swift; sourceTree = "<group>"; };
		77448CD128914B510040A442 /* Piazzolla-Black.ttf */ = {isa = PBXFileReference; lastKnownFileType = file; path = "Piazzolla-Black.ttf"; sourceTree = "<group>"; };
		77448CD72891AB930040A442 /* RuleDescriptionCustomView.swift */ = {isa = PBXFileReference; lastKnownFileType = sourcecode.swift; path = RuleDescriptionCustomView.swift; sourceTree = "<group>"; };
		77448CDA289229DB0040A442 /* GameScreenViewController.swift */ = {isa = PBXFileReference; fileEncoding = 4; lastKnownFileType = sourcecode.swift; path = GameScreenViewController.swift; sourceTree = "<group>"; };
		77448CDB289229DB0040A442 /* GameScreenView.swift */ = {isa = PBXFileReference; fileEncoding = 4; lastKnownFileType = sourcecode.swift; path = GameScreenView.swift; sourceTree = "<group>"; };
		77448CDF289229F90040A442 /* DifficultyChoiceModel.swift */ = {isa = PBXFileReference; fileEncoding = 4; lastKnownFileType = sourcecode.swift; path = DifficultyChoiceModel.swift; sourceTree = "<group>"; };
		77448CE0289229F90040A442 /* DifficultyPageView.swift */ = {isa = PBXFileReference; fileEncoding = 4; lastKnownFileType = sourcecode.swift; path = DifficultyPageView.swift; sourceTree = "<group>"; };
		77448CE1289229F90040A442 /* DifficultyPageViewController.swift */ = {isa = PBXFileReference; fileEncoding = 4; lastKnownFileType = sourcecode.swift; path = DifficultyPageViewController.swift; sourceTree = "<group>"; };
		77448CE7289255770040A442 /* TeamsMenuViewController.swift */ = {isa = PBXFileReference; fileEncoding = 4; lastKnownFileType = sourcecode.swift; path = TeamsMenuViewController.swift; sourceTree = "<group>"; };
		77448CE8289255770040A442 /* TeamsMenuView.swift */ = {isa = PBXFileReference; fileEncoding = 4; lastKnownFileType = sourcecode.swift; path = TeamsMenuView.swift; sourceTree = "<group>"; };
		77448CEA289255770040A442 /* TeamCell.swift */ = {isa = PBXFileReference; fileEncoding = 4; lastKnownFileType = sourcecode.swift; path = TeamCell.swift; sourceTree = "<group>"; };
		77448CF0289261730040A442 /* Right Answer.wav */ = {isa = PBXFileReference; lastKnownFileType = audio.wav; path = "Right Answer.wav"; sourceTree = "<group>"; };
		77448CF1289261740040A442 /* Rules Music.mp3 */ = {isa = PBXFileReference; lastKnownFileType = audio.mp3; path = "Rules Music.mp3"; sourceTree = "<group>"; };
		77448CF2289261750040A442 /* Last 5 sec.wav */ = {isa = PBXFileReference; lastKnownFileType = audio.wav; path = "Last 5 sec.wav"; sourceTree = "<group>"; };
		77448CF3289261750040A442 /* Rady-Stady-Go.wav */ = {isa = PBXFileReference; lastKnownFileType = audio.wav; path = "Rady-Stady-Go.wav"; sourceTree = "<group>"; };
		77448CF4289261750040A442 /* Background Music.mp3 */ = {isa = PBXFileReference; lastKnownFileType = audio.mp3; path = "Background Music.mp3"; sourceTree = "<group>"; };
		77448CF5289261750040A442 /* Transition.wav */ = {isa = PBXFileReference; lastKnownFileType = audio.wav; path = Transition.wav; sourceTree = "<group>"; };
		77448CF6289261750040A442 /* Wrong Answer.wav */ = {isa = PBXFileReference; lastKnownFileType = audio.wav; path = "Wrong Answer.wav"; sourceTree = "<group>"; };
		77448CF7289261750040A442 /* Start Timer.wav */ = {isa = PBXFileReference; lastKnownFileType = audio.wav; path = "Start Timer.wav"; sourceTree = "<group>"; };
		77448CF8289261760040A442 /* Fanfare For The Champion.wav */ = {isa = PBXFileReference; lastKnownFileType = audio.wav; path = "Fanfare For The Champion.wav"; sourceTree = "<group>"; };
		77448D052892A3190040A442 /* WordSetsModel.swift */ = {isa = PBXFileReference; lastKnownFileType = sourcecode.swift; path = WordSetsModel.swift; sourceTree = "<group>"; };
		77448D0D2892C7170040A442 /* AppNavigationController.swift */ = {isa = PBXFileReference; lastKnownFileType = sourcecode.swift; path = AppNavigationController.swift; sourceTree = "<group>"; };
		77448D0F2892DCF10040A442 /* CustomViewController.swift */ = {isa = PBXFileReference; lastKnownFileType = sourcecode.swift; path = CustomViewController.swift; sourceTree = "<group>"; };
		77CF5EB128953944001C9A2F /* Launch Screen.storyboard */ = {isa = PBXFileReference; lastKnownFileType = file.storyboard; path = "Launch Screen.storyboard"; sourceTree = "<group>"; };
		77CF5EB52895569D001C9A2F /* CustomNavigationBar.swift */ = {isa = PBXFileReference; lastKnownFileType = sourcecode.swift; path = CustomNavigationBar.swift; sourceTree = "<group>"; };
		77CF5EBC2895A493001C9A2F /* Team.swift */ = {isa = PBXFileReference; fileEncoding = 4; lastKnownFileType = sourcecode.swift; path = Team.swift; sourceTree = "<group>"; };
		77CF5EBD2895A493001C9A2F /* Teams.swift */ = {isa = PBXFileReference; fileEncoding = 4; lastKnownFileType = sourcecode.swift; path = Teams.swift; sourceTree = "<group>"; };
		77CF5EC02895A4F9001C9A2F /* SetWords.json */ = {isa = PBXFileReference; fileEncoding = 4; lastKnownFileType = text.json; path = SetWords.json; sourceTree = "<group>"; };
		77CF5EC22895BEFC001C9A2F /* MyCustomBackButton.swift */ = {isa = PBXFileReference; lastKnownFileType = sourcecode.swift; path = MyCustomBackButton.swift; sourceTree = "<group>"; };
		77CF5EC4289691F9001C9A2F /* UIView+Constraints.swift */ = {isa = PBXFileReference; fileEncoding = 4; lastKnownFileType = sourcecode.swift; path = "UIView+Constraints.swift"; sourceTree = "<group>"; };
		77CF5EC92896C213001C9A2F /* GameEngine.swift */ = {isa = PBXFileReference; lastKnownFileType = sourcecode.swift; path = GameEngine.swift; sourceTree = "<group>"; };
		77CF5ECB2896C39B001C9A2F /* GameRound.swift */ = {isa = PBXFileReference; lastKnownFileType = sourcecode.swift; path = GameRound.swift; sourceTree = "<group>"; };
		77CF5ED42896FD0A001C9A2F /* NetworkManager.swift */ = {isa = PBXFileReference; fileEncoding = 4; lastKnownFileType = sourcecode.swift; path = NetworkManager.swift; sourceTree = "<group>"; };
		9F13E32928940E970067D43A /* AlertManager.swift */ = {isa = PBXFileReference; lastKnownFileType = sourcecode.swift; path = AlertManager.swift; sourceTree = "<group>"; };
		9F7F697E2896BFD7007AA3DA /* JokeViewController.swift */ = {isa = PBXFileReference; lastKnownFileType = sourcecode.swift; path = JokeViewController.swift; sourceTree = "<group>"; };
		9F7F69802896C002007AA3DA /* JokeView.swift */ = {isa = PBXFileReference; lastKnownFileType = sourcecode.swift; path = JokeView.swift; sourceTree = "<group>"; };
		9F8121CD28944CE60012BCEF /* BrainResultScreen.swift */ = {isa = PBXFileReference; lastKnownFileType = sourcecode.swift; path = BrainResultScreen.swift; sourceTree = "<group>"; };
		9FBD47AC289270A200687891 /* ScoreViewController.swift */ = {isa = PBXFileReference; lastKnownFileType = sourcecode.swift; path = ScoreViewController.swift; sourceTree = "<group>"; };
		9FBD47AE28927B4700687891 /* ScoreView.swift */ = {isa = PBXFileReference; lastKnownFileType = sourcecode.swift; path = ScoreView.swift; sourceTree = "<group>"; };
		9FBD47B028927C0000687891 /* ScoreCell.swift */ = {isa = PBXFileReference; lastKnownFileType = sourcecode.swift; path = ScoreCell.swift; sourceTree = "<group>"; };
		9FBD47B52892CDD300687891 /* JokeApiModel.swift */ = {isa = PBXFileReference; lastKnownFileType = sourcecode.swift; path = JokeApiModel.swift; sourceTree = "<group>"; };
		9FBD47B82892CE0F00687891 /* JokeModel.swift */ = {isa = PBXFileReference; lastKnownFileType = sourcecode.swift; path = JokeModel.swift; sourceTree = "<group>"; };
/* End PBXFileReference section */

/* Begin PBXFrameworksBuildPhase section */
		77448C9F289020C20040A442 /* Frameworks */ = {
			isa = PBXFrameworksBuildPhase;
			buildActionMask = 2147483647;
			files = (
			);
			runOnlyForDeploymentPostprocessing = 0;
		};
/* End PBXFrameworksBuildPhase section */

/* Begin PBXGroup section */
		38C4461B2893F2F0009EED5E /* ResultScreen */ = {
			isa = PBXGroup;
			children = (
				9F8121CD28944CE60012BCEF /* BrainResultScreen.swift */,
				38C4461C2893F323009EED5E /* ResultScreenViewController.swift */,
				38C4461E2893F346009EED5E /* ResultScreenView.swift */,
			);
			path = ResultScreen;
			sourceTree = "<group>";
		};
		77448C99289020C20040A442 = {
			isa = PBXGroup;
			children = (
				77448CA4289020C20040A442 /* Alias */,
				77CF5EA628945B16001C9A2F /* Recovered References */,
			);
			sourceTree = "<group>";
		};
		77448CA3289020C20040A442 /* Products */ = {
			isa = PBXGroup;
			children = (
				77448CA2289020C20040A442 /* Alias.app */,
			);
			name = Products;
			path = ..;
			sourceTree = "<group>";
		};
		77448CA4289020C20040A442 /* Alias */ = {
			isa = PBXGroup;
			children = (
				77448CA5289020C20040A442 /* AppDelegate.swift */,
				77448D0C2892C69D0040A442 /* NavigationApp */,
				77448D0228926E400040A442 /* Models */,
				77448CBC28902A4D0040A442 /* StartMenu */,
				77448CCC289149420040A442 /* Rules */,
				77448CE6289255770040A442 /* TeamsMenu */,
				77448CDE289229F90040A442 /* DifficultyPage */,
				9FBD47AA2892708700687891 /* Score */,
				77448CD9289229DB0040A442 /* GameScreen */,
				38C4461B2893F2F0009EED5E /* ResultScreen */,
				9F7F697D2896BFA2007AA3DA /* JokeView */,
				77448CBA28902A3A0040A442 /* CustomViews */,
				77CF5EBB289557DB001C9A2F /* Resourсes */,
				77448CB3289020C50040A442 /* Info.plist */,
				9F13E32828940E640067D43A /* Utils */,
				77448CA3289020C20040A442 /* Products */,
			);
			path = Alias;
			sourceTree = "<group>";
		};
		77448CBA28902A3A0040A442 /* CustomViews */ = {
			isa = PBXGroup;
			children = (
				77448CD72891AB930040A442 /* RuleDescriptionCustomView.swift */,
				77448CBF289047CF0040A442 /* CustomButton.swift */,
				77CF5EB52895569D001C9A2F /* CustomNavigationBar.swift */,
				77CF5EC22895BEFC001C9A2F /* MyCustomBackButton.swift */,
			);
			path = CustomViews;
			sourceTree = "<group>";
		};
		77448CBC28902A4D0040A442 /* StartMenu */ = {
			isa = PBXGroup;
			children = (
				77448CBD28902F0D0040A442 /* StartMenuView.swift */,
				77448CA9289020C20040A442 /* StartMenuViewController.swift */,
			);
			path = StartMenu;
			sourceTree = "<group>";
		};
		77448CC32891307C0040A442 /* Fonts */ = {
			isa = PBXGroup;
			children = (
				77448CC8289132E60040A442 /* Phosphate.ttc */,
				77448CC9289132E60040A442 /* Piazzolla.ttf */,
				77448CD128914B510040A442 /* Piazzolla-Black.ttf */,
			);
			path = Fonts;
			sourceTree = "<group>";
		};
		77448CCC289149420040A442 /* Rules */ = {
			isa = PBXGroup;
			children = (
				77448CCD289149770040A442 /* RulesView.swift */,
				77448CCF2891499E0040A442 /* RulesViewController.swift */,
			);
			path = Rules;
			sourceTree = "<group>";
		};
		77448CD9289229DB0040A442 /* GameScreen */ = {
			isa = PBXGroup;
			children = (
				77448CDA289229DB0040A442 /* GameScreenViewController.swift */,
				77448CDB289229DB0040A442 /* GameScreenView.swift */,
			);
			path = GameScreen;
			sourceTree = "<group>";
		};
		77448CDE289229F90040A442 /* DifficultyPage */ = {
			isa = PBXGroup;
			children = (
				77448CE0289229F90040A442 /* DifficultyPageView.swift */,
				77448CE1289229F90040A442 /* DifficultyPageViewController.swift */,
			);
			path = DifficultyPage;
			sourceTree = "<group>";
		};
		77448CE6289255770040A442 /* TeamsMenu */ = {
			isa = PBXGroup;
			children = (
				77448CE7289255770040A442 /* TeamsMenuViewController.swift */,
				77448CE8289255770040A442 /* TeamsMenuView.swift */,
				77448CEA289255770040A442 /* TeamCell.swift */,
			);
			path = TeamsMenu;
			sourceTree = "<group>";
		};
		77448CEF28925E270040A442 /* Music */ = {
			isa = PBXGroup;
			children = (
				77448CF4289261750040A442 /* Background Music.mp3 */,
				77448CF8289261760040A442 /* Fanfare For The Champion.wav */,
				77448CF2289261750040A442 /* Last 5 sec.wav */,
				77448CF3289261750040A442 /* Rady-Stady-Go.wav */,
				77448CF0289261730040A442 /* Right Answer.wav */,
				77448CF1289261740040A442 /* Rules Music.mp3 */,
				77448CF7289261750040A442 /* Start Timer.wav */,
				77448CF5289261750040A442 /* Transition.wav */,
				77448CF6289261750040A442 /* Wrong Answer.wav */,
			);
			path = Music;
			sourceTree = "<group>";
		};
		77448D0228926E400040A442 /* Models */ = {
			isa = PBXGroup;
			children = (
				77CF5EC82896A4DA001C9A2F /* GameModel */,
				77CF5EC72896A2D9001C9A2F /* MusicModel */,
				77CF5EBA28955734001C9A2F /* TeamModel */,
				77448D072892C00A0040A442 /* WordSetsModel */,
				77CF5EB928955719001C9A2F /* JokeModel */,
			);
			path = Models;
			sourceTree = "<group>";
		};
		77448D072892C00A0040A442 /* WordSetsModel */ = {
			isa = PBXGroup;
			children = (
				38EA911B2892ABF00001E9C4 /* DifficultyPage.swift */,
				77448CDF289229F90040A442 /* DifficultyChoiceModel.swift */,
				77448D052892A3190040A442 /* WordSetsModel.swift */,
				77CF5EC02895A4F9001C9A2F /* SetWords.json */,
			);
			path = WordSetsModel;
			sourceTree = "<group>";
		};
		77448D0C2892C69D0040A442 /* NavigationApp */ = {
			isa = PBXGroup;
			children = (
				77448D0D2892C7170040A442 /* AppNavigationController.swift */,
				77448D0F2892DCF10040A442 /* CustomViewController.swift */,
			);
			path = NavigationApp;
			sourceTree = "<group>";
		};
		77CF5EA628945B16001C9A2F /* Recovered References */ = {
			isa = PBXGroup;
			children = (
			);
			name = "Recovered References";
			sourceTree = "<group>";
		};
		77CF5EB928955719001C9A2F /* JokeModel */ = {
			isa = PBXGroup;
			children = (
				77CF5ED42896FD0A001C9A2F /* NetworkManager.swift */,
				9FBD47B82892CE0F00687891 /* JokeModel.swift */,
				9FBD47B52892CDD300687891 /* JokeApiModel.swift */,
			);
			path = JokeModel;
			sourceTree = "<group>";
		};
		77CF5EBA28955734001C9A2F /* TeamModel */ = {
			isa = PBXGroup;
			children = (
				77CF5EBC2895A493001C9A2F /* Team.swift */,
				77CF5EBD2895A493001C9A2F /* Teams.swift */,
			);
			path = TeamModel;
			sourceTree = "<group>";
		};
		77CF5EBB289557DB001C9A2F /* Resourсes */ = {
			isa = PBXGroup;
			children = (
				77CF5EC4289691F9001C9A2F /* UIView+Constraints.swift */,
				77CF5EB128953944001C9A2F /* Launch Screen.storyboard */,
				77448CAE289020C50040A442 /* Assets.xcassets */,
				77448CEF28925E270040A442 /* Music */,
				77448CC32891307C0040A442 /* Fonts */,
			);
			path = "Resourсes";
			sourceTree = "<group>";
		};
		77CF5EC72896A2D9001C9A2F /* MusicModel */ = {
			isa = PBXGroup;
			children = (
				2A8EB12B28957E8C00BB6D04 /* MusicModel.swift */,
			);
			path = MusicModel;
			sourceTree = "<group>";
		};
		77CF5EC82896A4DA001C9A2F /* GameModel */ = {
			isa = PBXGroup;
			children = (
				77CF5EC92896C213001C9A2F /* GameEngine.swift */,
				77CF5ECB2896C39B001C9A2F /* GameRound.swift */,
			);
			path = GameModel;
			sourceTree = "<group>";
		};
		9F13E32828940E640067D43A /* Utils */ = {
			isa = PBXGroup;
			children = (
				9F13E32928940E970067D43A /* AlertManager.swift */,
			);
			name = Utils;
			path = CustomViews/Utils;
			sourceTree = "<group>";
		};
		9F7F697D2896BFA2007AA3DA /* JokeView */ = {
			isa = PBXGroup;
			children = (
				9F7F697E2896BFD7007AA3DA /* JokeViewController.swift */,
				9F7F69802896C002007AA3DA /* JokeView.swift */,
			);
			path = JokeView;
			sourceTree = "<group>";
		};
		9FBD47AA2892708700687891 /* Score */ = {
			isa = PBXGroup;
			children = (
				9FBD47AC289270A200687891 /* ScoreViewController.swift */,
				9FBD47AE28927B4700687891 /* ScoreView.swift */,
				9FBD47B028927C0000687891 /* ScoreCell.swift */,
			);
			path = Score;
			sourceTree = "<group>";
		};
/* End PBXGroup section */

/* Begin PBXNativeTarget section */
		77448CA1289020C20040A442 /* Alias */ = {
			isa = PBXNativeTarget;
			buildConfigurationList = 77448CB6289020C50040A442 /* Build configuration list for PBXNativeTarget "Alias" */;
			buildPhases = (
				77448C9E289020C20040A442 /* Sources */,
				77448C9F289020C20040A442 /* Frameworks */,
				77448CA0289020C20040A442 /* Resources */,
			);
			buildRules = (
			);
			dependencies = (
			);
			name = Alias;
			productName = Alias;
			productReference = 77448CA2289020C20040A442 /* Alias.app */;
			productType = "com.apple.product-type.application";
		};
/* End PBXNativeTarget section */

/* Begin PBXProject section */
		77448C9A289020C20040A442 /* Project object */ = {
			isa = PBXProject;
			attributes = {
				LastSwiftUpdateCheck = 1340;
				LastUpgradeCheck = 1340;
				TargetAttributes = {
					77448CA1289020C20040A442 = {
						CreatedOnToolsVersion = 13.4.1;
					};
				};
			};
			buildConfigurationList = 77448C9D289020C20040A442 /* Build configuration list for PBXProject "Alias" */;
			compatibilityVersion = "Xcode 13.0";
			developmentRegion = en;
			hasScannedForEncodings = 0;
			knownRegions = (
				en,
				Base,
			);
			mainGroup = 77448C99289020C20040A442;
			productRefGroup = 77448CA3289020C20040A442 /* Products */;
			projectDirPath = "";
			projectRoot = "";
			targets = (
				77448CA1289020C20040A442 /* Alias */,
			);
		};
/* End PBXProject section */

/* Begin PBXResourcesBuildPhase section */
		77448CA0289020C20040A442 /* Resources */ = {
			isa = PBXResourcesBuildPhase;
			buildActionMask = 2147483647;
			files = (
				77CF5EC12895A4F9001C9A2F /* SetWords.json in Resources */,
				77448CFF289261760040A442 /* Wrong Answer.wav in Resources */,
				77448CFD289261760040A442 /* Background Music.mp3 in Resources */,
				77448CFA289261760040A442 /* Rules Music.mp3 in Resources */,
				77448D01289261760040A442 /* Fanfare For The Champion.wav in Resources */,
				77448CD228914B520040A442 /* Piazzolla-Black.ttf in Resources */,
				77448CFE289261760040A442 /* Transition.wav in Resources */,
				77448CFC289261760040A442 /* Rady-Stady-Go.wav in Resources */,
				77448CAF289020C50040A442 /* Assets.xcassets in Resources */,
				77CF5EB228953944001C9A2F /* Launch Screen.storyboard in Resources */,
				77448CF9289261760040A442 /* Right Answer.wav in Resources */,
				77448D00289261760040A442 /* Start Timer.wav in Resources */,
				77448CCA289132E60040A442 /* Phosphate.ttc in Resources */,
				77448CCB289132E60040A442 /* Piazzolla.ttf in Resources */,
				77448CFB289261760040A442 /* Last 5 sec.wav in Resources */,
			);
			runOnlyForDeploymentPostprocessing = 0;
		};
/* End PBXResourcesBuildPhase section */

/* Begin PBXSourcesBuildPhase section */
		77448C9E289020C20040A442 /* Sources */ = {
			isa = PBXSourcesBuildPhase;
			buildActionMask = 2147483647;
			files = (
				77CF5EB62895569D001C9A2F /* CustomNavigationBar.swift in Sources */,
				77CF5ECC2896C39B001C9A2F /* GameRound.swift in Sources */,
				77448CEB289255770040A442 /* TeamsMenuViewController.swift in Sources */,
				9F7F69812896C002007AA3DA /* JokeView.swift in Sources */,
				77CF5EC5289691F9001C9A2F /* UIView+Constraints.swift in Sources */,
				77448CD02891499E0040A442 /* RulesViewController.swift in Sources */,
				77CF5ECA2896C213001C9A2F /* GameEngine.swift in Sources */,
				9FBD47AD289270A200687891 /* ScoreViewController.swift in Sources */,
				9FBD47AF28927B4700687891 /* ScoreView.swift in Sources */,
				77448CEE289255770040A442 /* TeamCell.swift in Sources */,
				77CF5EBE2895A493001C9A2F /* Team.swift in Sources */,
				77CF5ED52896FD0A001C9A2F /* NetworkManager.swift in Sources */,
				77448CEC289255770040A442 /* TeamsMenuView.swift in Sources */,
				9F13E32A28940E970067D43A /* AlertManager.swift in Sources */,
				77448D0E2892C7170040A442 /* AppNavigationController.swift in Sources */,
				77448CC0289047CF0040A442 /* CustomButton.swift in Sources */,
				9F8121CE28944CE60012BCEF /* BrainResultScreen.swift in Sources */,
				2A8EB12C28957E8C00BB6D04 /* MusicModel.swift in Sources */,
				77448CDD289229DC0040A442 /* GameScreenView.swift in Sources */,
				9FBD47B128927C0000687891 /* ScoreCell.swift in Sources */,
				9F7F697F2896BFD7007AA3DA /* JokeViewController.swift in Sources */,
				77448CE2289229F90040A442 /* DifficultyChoiceModel.swift in Sources */,
				77CF5EC32895BEFC001C9A2F /* MyCustomBackButton.swift in Sources */,
				77448CE4289229F90040A442 /* DifficultyPageViewController.swift in Sources */,
				77448D102892DCF20040A442 /* CustomViewController.swift in Sources */,
				77448CDC289229DC0040A442 /* GameScreenViewController.swift in Sources */,
				77448CCE289149770040A442 /* RulesView.swift in Sources */,
				9FBD47B92892CE0F00687891 /* JokeModel.swift in Sources */,
				9FBD47B62892CDD300687891 /* JokeApiModel.swift in Sources */,
				77CF5EBF2895A493001C9A2F /* Teams.swift in Sources */,
				77448D062892A3190040A442 /* WordSetsModel.swift in Sources */,
				77448CE3289229F90040A442 /* DifficultyPageView.swift in Sources */,
				77448CBE28902F0D0040A442 /* StartMenuView.swift in Sources */,
				77448CAA289020C20040A442 /* StartMenuViewController.swift in Sources */,
				38C4461D2893F323009EED5E /* ResultScreenViewController.swift in Sources */,
				38C4461F2893F346009EED5E /* ResultScreenView.swift in Sources */,
				77448CA6289020C20040A442 /* AppDelegate.swift in Sources */,
				77448CD82891AB940040A442 /* RuleDescriptionCustomView.swift in Sources */,
				38EA911C2892ABF00001E9C4 /* DifficultyPage.swift in Sources */,
			);
			runOnlyForDeploymentPostprocessing = 0;
		};
/* End PBXSourcesBuildPhase section */

/* Begin XCBuildConfiguration section */
		77448CB4289020C50040A442 /* Debug */ = {
			isa = XCBuildConfiguration;
			buildSettings = {
				ALWAYS_SEARCH_USER_PATHS = NO;
				CLANG_ANALYZER_NONNULL = YES;
				CLANG_ANALYZER_NUMBER_OBJECT_CONVERSION = YES_AGGRESSIVE;
				CLANG_CXX_LANGUAGE_STANDARD = "gnu++17";
				CLANG_ENABLE_MODULES = YES;
				CLANG_ENABLE_OBJC_ARC = YES;
				CLANG_ENABLE_OBJC_WEAK = YES;
				CLANG_WARN_BLOCK_CAPTURE_AUTORELEASING = YES;
				CLANG_WARN_BOOL_CONVERSION = YES;
				CLANG_WARN_COMMA = YES;
				CLANG_WARN_CONSTANT_CONVERSION = YES;
				CLANG_WARN_DEPRECATED_OBJC_IMPLEMENTATIONS = YES;
				CLANG_WARN_DIRECT_OBJC_ISA_USAGE = YES_ERROR;
				CLANG_WARN_DOCUMENTATION_COMMENTS = YES;
				CLANG_WARN_EMPTY_BODY = YES;
				CLANG_WARN_ENUM_CONVERSION = YES;
				CLANG_WARN_INFINITE_RECURSION = YES;
				CLANG_WARN_INT_CONVERSION = YES;
				CLANG_WARN_NON_LITERAL_NULL_CONVERSION = YES;
				CLANG_WARN_OBJC_IMPLICIT_RETAIN_SELF = YES;
				CLANG_WARN_OBJC_LITERAL_CONVERSION = YES;
				CLANG_WARN_OBJC_ROOT_CLASS = YES_ERROR;
				CLANG_WARN_QUOTED_INCLUDE_IN_FRAMEWORK_HEADER = YES;
				CLANG_WARN_RANGE_LOOP_ANALYSIS = YES;
				CLANG_WARN_STRICT_PROTOTYPES = YES;
				CLANG_WARN_SUSPICIOUS_MOVE = YES;
				CLANG_WARN_UNGUARDED_AVAILABILITY = YES_AGGRESSIVE;
				CLANG_WARN_UNREACHABLE_CODE = YES;
				CLANG_WARN__DUPLICATE_METHOD_MATCH = YES;
				COPY_PHASE_STRIP = NO;
				DEBUG_INFORMATION_FORMAT = dwarf;
				ENABLE_STRICT_OBJC_MSGSEND = YES;
				ENABLE_TESTABILITY = YES;
				GCC_C_LANGUAGE_STANDARD = gnu11;
				GCC_DYNAMIC_NO_PIC = NO;
				GCC_NO_COMMON_BLOCKS = YES;
				GCC_OPTIMIZATION_LEVEL = 0;
				GCC_PREPROCESSOR_DEFINITIONS = (
					"DEBUG=1",
					"$(inherited)",
				);
				GCC_WARN_64_TO_32_BIT_CONVERSION = YES;
				GCC_WARN_ABOUT_RETURN_TYPE = YES_ERROR;
				GCC_WARN_UNDECLARED_SELECTOR = YES;
				GCC_WARN_UNINITIALIZED_AUTOS = YES_AGGRESSIVE;
				GCC_WARN_UNUSED_FUNCTION = YES;
				GCC_WARN_UNUSED_VARIABLE = YES;
				IPHONEOS_DEPLOYMENT_TARGET = 15.5;
				MTL_ENABLE_DEBUG_INFO = INCLUDE_SOURCE;
				MTL_FAST_MATH = YES;
				ONLY_ACTIVE_ARCH = YES;
				SDKROOT = iphoneos;
				SWIFT_ACTIVE_COMPILATION_CONDITIONS = DEBUG;
				SWIFT_OPTIMIZATION_LEVEL = "-Onone";
			};
			name = Debug;
		};
		77448CB5289020C50040A442 /* Release */ = {
			isa = XCBuildConfiguration;
			buildSettings = {
				ALWAYS_SEARCH_USER_PATHS = NO;
				CLANG_ANALYZER_NONNULL = YES;
				CLANG_ANALYZER_NUMBER_OBJECT_CONVERSION = YES_AGGRESSIVE;
				CLANG_CXX_LANGUAGE_STANDARD = "gnu++17";
				CLANG_ENABLE_MODULES = YES;
				CLANG_ENABLE_OBJC_ARC = YES;
				CLANG_ENABLE_OBJC_WEAK = YES;
				CLANG_WARN_BLOCK_CAPTURE_AUTORELEASING = YES;
				CLANG_WARN_BOOL_CONVERSION = YES;
				CLANG_WARN_COMMA = YES;
				CLANG_WARN_CONSTANT_CONVERSION = YES;
				CLANG_WARN_DEPRECATED_OBJC_IMPLEMENTATIONS = YES;
				CLANG_WARN_DIRECT_OBJC_ISA_USAGE = YES_ERROR;
				CLANG_WARN_DOCUMENTATION_COMMENTS = YES;
				CLANG_WARN_EMPTY_BODY = YES;
				CLANG_WARN_ENUM_CONVERSION = YES;
				CLANG_WARN_INFINITE_RECURSION = YES;
				CLANG_WARN_INT_CONVERSION = YES;
				CLANG_WARN_NON_LITERAL_NULL_CONVERSION = YES;
				CLANG_WARN_OBJC_IMPLICIT_RETAIN_SELF = YES;
				CLANG_WARN_OBJC_LITERAL_CONVERSION = YES;
				CLANG_WARN_OBJC_ROOT_CLASS = YES_ERROR;
				CLANG_WARN_QUOTED_INCLUDE_IN_FRAMEWORK_HEADER = YES;
				CLANG_WARN_RANGE_LOOP_ANALYSIS = YES;
				CLANG_WARN_STRICT_PROTOTYPES = YES;
				CLANG_WARN_SUSPICIOUS_MOVE = YES;
				CLANG_WARN_UNGUARDED_AVAILABILITY = YES_AGGRESSIVE;
				CLANG_WARN_UNREACHABLE_CODE = YES;
				CLANG_WARN__DUPLICATE_METHOD_MATCH = YES;
				COPY_PHASE_STRIP = NO;
				DEBUG_INFORMATION_FORMAT = "dwarf-with-dsym";
				ENABLE_NS_ASSERTIONS = NO;
				ENABLE_STRICT_OBJC_MSGSEND = YES;
				GCC_C_LANGUAGE_STANDARD = gnu11;
				GCC_NO_COMMON_BLOCKS = YES;
				GCC_WARN_64_TO_32_BIT_CONVERSION = YES;
				GCC_WARN_ABOUT_RETURN_TYPE = YES_ERROR;
				GCC_WARN_UNDECLARED_SELECTOR = YES;
				GCC_WARN_UNINITIALIZED_AUTOS = YES_AGGRESSIVE;
				GCC_WARN_UNUSED_FUNCTION = YES;
				GCC_WARN_UNUSED_VARIABLE = YES;
				IPHONEOS_DEPLOYMENT_TARGET = 15.5;
				MTL_ENABLE_DEBUG_INFO = NO;
				MTL_FAST_MATH = YES;
				SDKROOT = iphoneos;
				SWIFT_COMPILATION_MODE = wholemodule;
				SWIFT_OPTIMIZATION_LEVEL = "-O";
				VALIDATE_PRODUCT = YES;
			};
			name = Release;
		};
		77448CB7289020C50040A442 /* Debug */ = {
			isa = XCBuildConfiguration;
			buildSettings = {
				ASSETCATALOG_COMPILER_APPICON_NAME = AppIcon;
				ASSETCATALOG_COMPILER_GLOBAL_ACCENT_COLOR_NAME = AccentColor;
				CODE_SIGN_STYLE = Automatic;
				CURRENT_PROJECT_VERSION = 1;
				DEVELOPMENT_TEAM = X8KHXL86W5;
				GENERATE_INFOPLIST_FILE = YES;
				INFOPLIST_FILE = Alias/Info.plist;
				INFOPLIST_KEY_UIApplicationSupportsIndirectInputEvents = YES;
				INFOPLIST_KEY_UILaunchStoryboardName = "Launch Screen";
				INFOPLIST_KEY_UISupportedInterfaceOrientations = UIInterfaceOrientationPortrait;
				INFOPLIST_KEY_UISupportedInterfaceOrientations_iPad = "UIInterfaceOrientationPortrait UIInterfaceOrientationPortraitUpsideDown UIInterfaceOrientationLandscapeLeft UIInterfaceOrientationLandscapeRight";
				INFOPLIST_KEY_UISupportedInterfaceOrientations_iPhone = UIInterfaceOrientationPortrait;
				IPHONEOS_DEPLOYMENT_TARGET = 15.0;
				LD_RUNPATH_SEARCH_PATHS = (
					"$(inherited)",
					"@executable_path/Frameworks",
				);
				MARKETING_VERSION = 1.0;
				PRODUCT_BUNDLE_IDENTIFIER = com.achusovitin.Alias;
				PRODUCT_NAME = "$(TARGET_NAME)";
				SWIFT_EMIT_LOC_STRINGS = YES;
				SWIFT_VERSION = 5.0;
				TARGETED_DEVICE_FAMILY = 1;
			};
			name = Debug;
		};
		77448CB8289020C50040A442 /* Release */ = {
			isa = XCBuildConfiguration;
			buildSettings = {
				ASSETCATALOG_COMPILER_APPICON_NAME = AppIcon;
				ASSETCATALOG_COMPILER_GLOBAL_ACCENT_COLOR_NAME = AccentColor;
				CODE_SIGN_STYLE = Automatic;
				CURRENT_PROJECT_VERSION = 1;
				DEVELOPMENT_TEAM = X8KHXL86W5;
				GENERATE_INFOPLIST_FILE = YES;
				INFOPLIST_FILE = Alias/Info.plist;
				INFOPLIST_KEY_UIApplicationSupportsIndirectInputEvents = YES;
				INFOPLIST_KEY_UILaunchStoryboardName = "Launch Screen";
				INFOPLIST_KEY_UISupportedInterfaceOrientations = UIInterfaceOrientationPortrait;
				INFOPLIST_KEY_UISupportedInterfaceOrientations_iPad = "UIInterfaceOrientationPortrait UIInterfaceOrientationPortraitUpsideDown UIInterfaceOrientationLandscapeLeft UIInterfaceOrientationLandscapeRight";
				INFOPLIST_KEY_UISupportedInterfaceOrientations_iPhone = UIInterfaceOrientationPortrait;
				IPHONEOS_DEPLOYMENT_TARGET = 15.0;
				LD_RUNPATH_SEARCH_PATHS = (
					"$(inherited)",
					"@executable_path/Frameworks",
				);
				MARKETING_VERSION = 1.0;
				PRODUCT_BUNDLE_IDENTIFIER = com.achusovitin.Alias;
				PRODUCT_NAME = "$(TARGET_NAME)";
				SWIFT_EMIT_LOC_STRINGS = YES;
				SWIFT_VERSION = 5.0;
				TARGETED_DEVICE_FAMILY = 1;
			};
			name = Release;
		};
/* End XCBuildConfiguration section */

/* Begin XCConfigurationList section */
		77448C9D289020C20040A442 /* Build configuration list for PBXProject "Alias" */ = {
			isa = XCConfigurationList;
			buildConfigurations = (
				77448CB4289020C50040A442 /* Debug */,
				77448CB5289020C50040A442 /* Release */,
			);
			defaultConfigurationIsVisible = 0;
			defaultConfigurationName = Release;
		};
		77448CB6289020C50040A442 /* Build configuration list for PBXNativeTarget "Alias" */ = {
			isa = XCConfigurationList;
			buildConfigurations = (
				77448CB7289020C50040A442 /* Debug */,
				77448CB8289020C50040A442 /* Release */,
			);
			defaultConfigurationIsVisible = 0;
			defaultConfigurationName = Release;
		};
/* End XCConfigurationList section */
	};
	rootObject = 77448C9A289020C20040A442 /* Project object */;
}
