// !$*UTF8*$!
{
	archiveVersion = 1;
	classes = {
	};
	objectVersion = 55;
	objects = {

/* Begin PBXBuildFile section */
		77448CA6289020C20040A442 /* AppDelegate.swift in Sources */ = {isa = PBXBuildFile; fileRef = 77448CA5289020C20040A442 /* AppDelegate.swift */; };
		77448CAA289020C20040A442 /* StartMenuViewController.swift in Sources */ = {isa = PBXBuildFile; fileRef = 77448CA9289020C20040A442 /* StartMenuViewController.swift */; };
		77448CAF289020C50040A442 /* Assets.xcassets in Resources */ = {isa = PBXBuildFile; fileRef = 77448CAE289020C50040A442 /* Assets.xcassets */; };
		77448CB2289020C50040A442 /* LaunchScreen.storyboard in Resources */ = {isa = PBXBuildFile; fileRef = 77448CB0289020C50040A442 /* LaunchScreen.storyboard */; };
		77448CBE28902F0D0040A442 /* StartMenuView.swift in Sources */ = {isa = PBXBuildFile; fileRef = 77448CBD28902F0D0040A442 /* StartMenuView.swift */; };
		77448CC0289047CF0040A442 /* CustomButton.swift in Sources */ = {isa = PBXBuildFile; fileRef = 77448CBF289047CF0040A442 /* CustomButton.swift */; };

		77448CCA289132E60040A442 /* Phosphate.ttc in Resources */ = {isa = PBXBuildFile; fileRef = 77448CC8289132E60040A442 /* Phosphate.ttc */; };
		77448CCB289132E60040A442 /* Piazzolla.ttf in Resources */ = {isa = PBXBuildFile; fileRef = 77448CC9289132E60040A442 /* Piazzolla.ttf */; };
		77448CCE289149770040A442 /* RulesView.swift in Sources */ = {isa = PBXBuildFile; fileRef = 77448CCD289149770040A442 /* RulesView.swift */; };
		77448CD02891499E0040A442 /* RulesViewController.swift in Sources */ = {isa = PBXBuildFile; fileRef = 77448CCF2891499E0040A442 /* RulesViewController.swift */; };
		77448CD228914B520040A442 /* Piazzolla-Black.ttf in Resources */ = {isa = PBXBuildFile; fileRef = 77448CD128914B510040A442 /* Piazzolla-Black.ttf */; };
		77448CD82891AB940040A442 /* CustomView.swift in Sources */ = {isa = PBXBuildFile; fileRef = 77448CD72891AB930040A442 /* CustomView.swift */; };

/* End PBXBuildFile section */

/* Begin PBXFileReference section */
		77448CA2289020C20040A442 /* Alias.app */ = {isa = PBXFileReference; explicitFileType = wrapper.application; includeInIndex = 0; path = Alias.app; sourceTree = BUILT_PRODUCTS_DIR; };
		77448CA5289020C20040A442 /* AppDelegate.swift */ = {isa = PBXFileReference; lastKnownFileType = sourcecode.swift; path = AppDelegate.swift; sourceTree = "<group>"; };
		77448CA9289020C20040A442 /* StartMenuViewController.swift */ = {isa = PBXFileReference; lastKnownFileType = sourcecode.swift; path = StartMenuViewController.swift; sourceTree = "<group>"; };
		77448CAE289020C50040A442 /* Assets.xcassets */ = {isa = PBXFileReference; lastKnownFileType = folder.assetcatalog; path = Assets.xcassets; sourceTree = "<group>"; };
		77448CB1289020C50040A442 /* Base */ = {isa = PBXFileReference; lastKnownFileType = file.storyboard; name = Base; path = Base.lproj/LaunchScreen.storyboard; sourceTree = "<group>"; };
		77448CB3289020C50040A442 /* Info.plist */ = {isa = PBXFileReference; lastKnownFileType = text.plist.xml; path = Info.plist; sourceTree = "<group>"; };
		77448CBD28902F0D0040A442 /* StartMenuView.swift */ = {isa = PBXFileReference; lastKnownFileType = sourcecode.swift; path = StartMenuView.swift; sourceTree = "<group>"; };
		77448CBF289047CF0040A442 /* CustomButton.swift */ = {isa = PBXFileReference; lastKnownFileType = sourcecode.swift; path = CustomButton.swift; sourceTree = "<group>"; };

		77448CC8289132E60040A442 /* Phosphate.ttc */ = {isa = PBXFileReference; lastKnownFileType = file; path = Phosphate.ttc; sourceTree = "<group>"; };
		77448CC9289132E60040A442 /* Piazzolla.ttf */ = {isa = PBXFileReference; lastKnownFileType = file; path = Piazzolla.ttf; sourceTree = "<group>"; };
		77448CCD289149770040A442 /* RulesView.swift */ = {isa = PBXFileReference; lastKnownFileType = sourcecode.swift; path = RulesView.swift; sourceTree = "<group>"; };
		77448CCF2891499E0040A442 /* RulesViewController.swift */ = {isa = PBXFileReference; lastKnownFileType = sourcecode.swift; path = RulesViewController.swift; sourceTree = "<group>"; };
		77448CD128914B510040A442 /* Piazzolla-Black.ttf */ = {isa = PBXFileReference; lastKnownFileType = file; path = "Piazzolla-Black.ttf"; sourceTree = "<group>"; };
		77448CD72891AB930040A442 /* CustomView.swift */ = {isa = PBXFileReference; lastKnownFileType = sourcecode.swift; path = CustomView.swift; sourceTree = "<group>"; };

/* End PBXFileReference section */

/* Begin PBXFrameworksBuildPhase section */
		77448C9F289020C20040A442 /* Frameworks */ = {
			isa = PBXFrameworksBuildPhase;
			buildActionMask = 2147483647;
			files = (
			);
			runOnlyForDeploymentPostprocessing = 0;
		};
/* End PBXFrameworksBuildPhase section */

/* Begin PBXGroup section */
		77448C99289020C20040A442 = {
			isa = PBXGroup;
			children = (
				77448CA4289020C20040A442 /* Alias */,
				77448CA3289020C20040A442 /* Products */,
			);
			sourceTree = "<group>";
		};
		77448CA3289020C20040A442 /* Products */ = {
			isa = PBXGroup;
			children = (
				77448CA2289020C20040A442 /* Alias.app */,
			);
			name = Products;
			sourceTree = "<group>";
		};
		77448CA4289020C20040A442 /* Alias */ = {
			isa = PBXGroup;
			children = (
				9F342FA52890850600943FD1 /* Fonts */,
				77448CA5289020C20040A442 /* AppDelegate.swift */,
				9F342FA228907A1000943FD1 /* GameScreen */,
				77448CBC28902A4D0040A442 /* StartMenu */,
				77448CCC289149420040A442 /* Rules */,
				77448CBA28902A3A0040A442 /* CustomViews */,
				77448CC32891307C0040A442 /* Fonts */,
				77448CB3289020C50040A442 /* Info.plist */,
				77448CAE289020C50040A442 /* Assets.xcassets */,
				77448CB0289020C50040A442 /* LaunchScreen.storyboard */,
			);
			path = Alias;
			sourceTree = "<group>";
		};

		77448CB928902A310040A442 /* Model */ = {
			isa = PBXGroup;
			children = (
			);
			path = Model;
			sourceTree = "<group>";
		};

		77448CBA28902A3A0040A442 /* CustomViews */ = {
			isa = PBXGroup;
			children = (
				77448CD72891AB930040A442 /* CustomView.swift */,
				77448CBF289047CF0040A442 /* CustomButton.swift */,
			);
			path = CustomViews;
			sourceTree = "<group>";
		};
		77448CBC28902A4D0040A442 /* StartMenu */ = {
			isa = PBXGroup;
			children = (
				77448CBD28902F0D0040A442 /* StartMenuView.swift */,
				77448CA9289020C20040A442 /* StartMenuViewController.swift */,
			);
			path = StartMenu;
			sourceTree = "<group>";
		};

		77448CC32891307C0040A442 /* Fonts */ = {
			isa = PBXGroup;
			children = (
				77448CC8289132E60040A442 /* Phosphate.ttc */,
				77448CC9289132E60040A442 /* Piazzolla.ttf */,
				77448CD128914B510040A442 /* Piazzolla-Black.ttf */,
			);
			path = Fonts;
			sourceTree = "<group>";
		};
		77448CCC289149420040A442 /* Rules */ = {
			isa = PBXGroup;
			children = (
				77448CCD289149770040A442 /* RulesView.swift */,
				77448CCF2891499E0040A442 /* RulesViewController.swift */,
			);
			path = Rules;

			sourceTree = "<group>";
		};
/* End PBXGroup section */

/* Begin PBXNativeTarget section */
		77448CA1289020C20040A442 /* Alias */ = {
			isa = PBXNativeTarget;
			buildConfigurationList = 77448CB6289020C50040A442 /* Build configuration list for PBXNativeTarget "Alias" */;
			buildPhases = (
				77448C9E289020C20040A442 /* Sources */,
				77448C9F289020C20040A442 /* Frameworks */,
				77448CA0289020C20040A442 /* Resources */,
			);
			buildRules = (
			);
			dependencies = (
			);
			name = Alias;
			productName = Alias;
			productReference = 77448CA2289020C20040A442 /* Alias.app */;
			productType = "com.apple.product-type.application";
		};
/* End PBXNativeTarget section */

/* Begin PBXProject section */
		77448C9A289020C20040A442 /* Project object */ = {
			isa = PBXProject;
			attributes = {
				BuildIndependentTargetsInParallel = 1;
				LastSwiftUpdateCheck = 1340;
				LastUpgradeCheck = 1340;
				TargetAttributes = {
					77448CA1289020C20040A442 = {
						CreatedOnToolsVersion = 13.4.1;
					};
				};
			};
			buildConfigurationList = 77448C9D289020C20040A442 /* Build configuration list for PBXProject "Alias" */;
			compatibilityVersion = "Xcode 13.0";
			developmentRegion = en;
			hasScannedForEncodings = 0;
			knownRegions = (
				en,
				Base,
			);
			mainGroup = 77448C99289020C20040A442;
			productRefGroup = 77448CA3289020C20040A442 /* Products */;
			projectDirPath = "";
			projectRoot = "";
			targets = (
				77448CA1289020C20040A442 /* Alias */,
			);
		};
/* End PBXProject section */

/* Begin PBXResourcesBuildPhase section */
		77448CA0289020C20040A442 /* Resources */ = {
			isa = PBXResourcesBuildPhase;
			buildActionMask = 2147483647;
			files = (
				9F342FAF28908D0500943FD1 /* Phosphate.ttc in Resources */,
				9F342FA92890854000943FD1 /* PhosphateRR Solid.ttf in Resources */,
				77448CB2289020C50040A442 /* LaunchScreen.storyboard in Resources */,
				77448CD228914B520040A442 /* Piazzolla-Black.ttf in Resources */,
				77448CAF289020C50040A442 /* Assets.xcassets in Resources */,
				77448CCA289132E60040A442 /* Phosphate.ttc in Resources */,
				77448CCB289132E60040A442 /* Piazzolla.ttf in Resources */,
			);
			runOnlyForDeploymentPostprocessing = 0;
		};
/* End PBXResourcesBuildPhase section */

/* Begin PBXSourcesBuildPhase section */
		77448C9E289020C20040A442 /* Sources */ = {
			isa = PBXSourcesBuildPhase;
			buildActionMask = 2147483647;
			files = (

				77448CD02891499E0040A442 /* RulesViewController.swift in Sources */,
				77448CC0289047CF0040A442 /* CustomButton.swift in Sources */,
				77448CCE289149770040A442 /* RulesView.swift in Sources */,

				77448CBE28902F0D0040A442 /* StartMenuView.swift in Sources */,
				77448CAA289020C20040A442 /* StartMenuViewController.swift in Sources */,
				77448CA6289020C20040A442 /* AppDelegate.swift in Sources */,
				77448CD82891AB940040A442 /* CustomView.swift in Sources */,
			);
			runOnlyForDeploymentPostprocessing = 0;
		};
/* End PBXSourcesBuildPhase section */

/* Begin PBXVariantGroup section */
		77448CB0289020C50040A442 /* LaunchScreen.storyboard */ = {
			isa = PBXVariantGroup;
			children = (
				77448CB1289020C50040A442 /* Base */,
			);
			name = LaunchScreen.storyboard;
			sourceTree = "<group>";
		};
/* End PBXVariantGroup section */

/* Begin XCBuildConfiguration section */
		77448CB4289020C50040A442 /* Debug */ = {
			isa = XCBuildConfiguration;
			buildSettings = {
				ALWAYS_SEARCH_USER_PATHS = NO;
				CLANG_ANALYZER_NONNULL = YES;
				CLANG_ANALYZER_NUMBER_OBJECT_CONVERSION = YES_AGGRESSIVE;
				CLANG_CXX_LANGUAGE_STANDARD = "gnu++17";
				CLANG_ENABLE_MODULES = YES;
				CLANG_ENABLE_OBJC_ARC = YES;
				CLANG_ENABLE_OBJC_WEAK = YES;
				CLANG_WARN_BLOCK_CAPTURE_AUTORELEASING = YES;
				CLANG_WARN_BOOL_CONVERSION = YES;
				CLANG_WARN_COMMA = YES;
				CLANG_WARN_CONSTANT_CONVERSION = YES;
				CLANG_WARN_DEPRECATED_OBJC_IMPLEMENTATIONS = YES;
				CLANG_WARN_DIRECT_OBJC_ISA_USAGE = YES_ERROR;
				CLANG_WARN_DOCUMENTATION_COMMENTS = YES;
				CLANG_WARN_EMPTY_BODY = YES;
				CLANG_WARN_ENUM_CONVERSION = YES;
				CLANG_WARN_INFINITE_RECURSION = YES;
				CLANG_WARN_INT_CONVERSION = YES;
				CLANG_WARN_NON_LITERAL_NULL_CONVERSION = YES;
				CLANG_WARN_OBJC_IMPLICIT_RETAIN_SELF = YES;
				CLANG_WARN_OBJC_LITERAL_CONVERSION = YES;
				CLANG_WARN_OBJC_ROOT_CLASS = YES_ERROR;
				CLANG_WARN_QUOTED_INCLUDE_IN_FRAMEWORK_HEADER = YES;
				CLANG_WARN_RANGE_LOOP_ANALYSIS = YES;
				CLANG_WARN_STRICT_PROTOTYPES = YES;
				CLANG_WARN_SUSPICIOUS_MOVE = YES;
				CLANG_WARN_UNGUARDED_AVAILABILITY = YES_AGGRESSIVE;
				CLANG_WARN_UNREACHABLE_CODE = YES;
				CLANG_WARN__DUPLICATE_METHOD_MATCH = YES;
				COPY_PHASE_STRIP = NO;
				DEBUG_INFORMATION_FORMAT = dwarf;
				ENABLE_STRICT_OBJC_MSGSEND = YES;
				ENABLE_TESTABILITY = YES;
				GCC_C_LANGUAGE_STANDARD = gnu11;
				GCC_DYNAMIC_NO_PIC = NO;
				GCC_NO_COMMON_BLOCKS = YES;
				GCC_OPTIMIZATION_LEVEL = 0;
				GCC_PREPROCESSOR_DEFINITIONS = (
					"DEBUG=1",
					"$(inherited)",
				);
				GCC_WARN_64_TO_32_BIT_CONVERSION = YES;
				GCC_WARN_ABOUT_RETURN_TYPE = YES_ERROR;
				GCC_WARN_UNDECLARED_SELECTOR = YES;
				GCC_WARN_UNINITIALIZED_AUTOS = YES_AGGRESSIVE;
				GCC_WARN_UNUSED_FUNCTION = YES;
				GCC_WARN_UNUSED_VARIABLE = YES;
				IPHONEOS_DEPLOYMENT_TARGET = 15.5;
				MTL_ENABLE_DEBUG_INFO = INCLUDE_SOURCE;
				MTL_FAST_MATH = YES;
				ONLY_ACTIVE_ARCH = YES;
				SDKROOT = iphoneos;
				SWIFT_ACTIVE_COMPILATION_CONDITIONS = DEBUG;
				SWIFT_OPTIMIZATION_LEVEL = "-Onone";
			};
			name = Debug;
		};
		77448CB5289020C50040A442 /* Release */ = {
			isa = XCBuildConfiguration;
			buildSettings = {
				ALWAYS_SEARCH_USER_PATHS = NO;
				CLANG_ANALYZER_NONNULL = YES;
				CLANG_ANALYZER_NUMBER_OBJECT_CONVERSION = YES_AGGRESSIVE;
				CLANG_CXX_LANGUAGE_STANDARD = "gnu++17";
				CLANG_ENABLE_MODULES = YES;
				CLANG_ENABLE_OBJC_ARC = YES;
				CLANG_ENABLE_OBJC_WEAK = YES;
				CLANG_WARN_BLOCK_CAPTURE_AUTORELEASING = YES;
				CLANG_WARN_BOOL_CONVERSION = YES;
				CLANG_WARN_COMMA = YES;
				CLANG_WARN_CONSTANT_CONVERSION = YES;
				CLANG_WARN_DEPRECATED_OBJC_IMPLEMENTATIONS = YES;
				CLANG_WARN_DIRECT_OBJC_ISA_USAGE = YES_ERROR;
				CLANG_WARN_DOCUMENTATION_COMMENTS = YES;
				CLANG_WARN_EMPTY_BODY = YES;
				CLANG_WARN_ENUM_CONVERSION = YES;
				CLANG_WARN_INFINITE_RECURSION = YES;
				CLANG_WARN_INT_CONVERSION = YES;
				CLANG_WARN_NON_LITERAL_NULL_CONVERSION = YES;
				CLANG_WARN_OBJC_IMPLICIT_RETAIN_SELF = YES;
				CLANG_WARN_OBJC_LITERAL_CONVERSION = YES;
				CLANG_WARN_OBJC_ROOT_CLASS = YES_ERROR;
				CLANG_WARN_QUOTED_INCLUDE_IN_FRAMEWORK_HEADER = YES;
				CLANG_WARN_RANGE_LOOP_ANALYSIS = YES;
				CLANG_WARN_STRICT_PROTOTYPES = YES;
				CLANG_WARN_SUSPICIOUS_MOVE = YES;
				CLANG_WARN_UNGUARDED_AVAILABILITY = YES_AGGRESSIVE;
				CLANG_WARN_UNREACHABLE_CODE = YES;
				CLANG_WARN__DUPLICATE_METHOD_MATCH = YES;
				COPY_PHASE_STRIP = NO;
				DEBUG_INFORMATION_FORMAT = "dwarf-with-dsym";
				ENABLE_NS_ASSERTIONS = NO;
				ENABLE_STRICT_OBJC_MSGSEND = YES;
				GCC_C_LANGUAGE_STANDARD = gnu11;
				GCC_NO_COMMON_BLOCKS = YES;
				GCC_WARN_64_TO_32_BIT_CONVERSION = YES;
				GCC_WARN_ABOUT_RETURN_TYPE = YES_ERROR;
				GCC_WARN_UNDECLARED_SELECTOR = YES;
				GCC_WARN_UNINITIALIZED_AUTOS = YES_AGGRESSIVE;
				GCC_WARN_UNUSED_FUNCTION = YES;
				GCC_WARN_UNUSED_VARIABLE = YES;
				IPHONEOS_DEPLOYMENT_TARGET = 15.5;
				MTL_ENABLE_DEBUG_INFO = NO;
				MTL_FAST_MATH = YES;
				SDKROOT = iphoneos;
				SWIFT_COMPILATION_MODE = wholemodule;
				SWIFT_OPTIMIZATION_LEVEL = "-O";
				VALIDATE_PRODUCT = YES;
			};
			name = Release;
		};
		77448CB7289020C50040A442 /* Debug */ = {
			isa = XCBuildConfiguration;
			buildSettings = {
				ASSETCATALOG_COMPILER_APPICON_NAME = AppIcon;
				ASSETCATALOG_COMPILER_GLOBAL_ACCENT_COLOR_NAME = AccentColor;
				CODE_SIGN_STYLE = Automatic;
				CURRENT_PROJECT_VERSION = 1;
				DEVELOPMENT_TEAM = X3L28X5FYM;
				GENERATE_INFOPLIST_FILE = YES;
				INFOPLIST_FILE = Alias/Info.plist;
				INFOPLIST_KEY_UIApplicationSupportsIndirectInputEvents = YES;
				INFOPLIST_KEY_UILaunchStoryboardName = LaunchScreen;
				INFOPLIST_KEY_UISupportedInterfaceOrientations = UIInterfaceOrientationPortrait;
				INFOPLIST_KEY_UISupportedInterfaceOrientations_iPad = "UIInterfaceOrientationPortrait UIInterfaceOrientationPortraitUpsideDown UIInterfaceOrientationLandscapeLeft UIInterfaceOrientationLandscapeRight";
				INFOPLIST_KEY_UISupportedInterfaceOrientations_iPhone = UIInterfaceOrientationPortrait;
				IPHONEOS_DEPLOYMENT_TARGET = 15.0;
				LD_RUNPATH_SEARCH_PATHS = (
					"$(inherited)",
					"@executable_path/Frameworks",
				);
				MARKETING_VERSION = 1.0;
				PRODUCT_BUNDLE_IDENTIFIER = "com.Hello-World.Alias";
				PRODUCT_NAME = "$(TARGET_NAME)";
				SWIFT_EMIT_LOC_STRINGS = YES;
				SWIFT_VERSION = 5.0;
				TARGETED_DEVICE_FAMILY = 1;
			};
			name = Debug;
		};
		77448CB8289020C50040A442 /* Release */ = {
			isa = XCBuildConfiguration;
			buildSettings = {
				ASSETCATALOG_COMPILER_APPICON_NAME = AppIcon;
				ASSETCATALOG_COMPILER_GLOBAL_ACCENT_COLOR_NAME = AccentColor;
				CODE_SIGN_STYLE = Automatic;
				CURRENT_PROJECT_VERSION = 1;
				DEVELOPMENT_TEAM = X3L28X5FYM;
				GENERATE_INFOPLIST_FILE = YES;
				INFOPLIST_FILE = Alias/Info.plist;
				INFOPLIST_KEY_UIApplicationSupportsIndirectInputEvents = YES;
				INFOPLIST_KEY_UILaunchStoryboardName = LaunchScreen;
				INFOPLIST_KEY_UISupportedInterfaceOrientations = UIInterfaceOrientationPortrait;
				INFOPLIST_KEY_UISupportedInterfaceOrientations_iPad = "UIInterfaceOrientationPortrait UIInterfaceOrientationPortraitUpsideDown UIInterfaceOrientationLandscapeLeft UIInterfaceOrientationLandscapeRight";
				INFOPLIST_KEY_UISupportedInterfaceOrientations_iPhone = UIInterfaceOrientationPortrait;
				IPHONEOS_DEPLOYMENT_TARGET = 15.0;
				LD_RUNPATH_SEARCH_PATHS = (
					"$(inherited)",
					"@executable_path/Frameworks",
				);
				MARKETING_VERSION = 1.0;
				PRODUCT_BUNDLE_IDENTIFIER = "com.Hello-World.Alias";
				PRODUCT_NAME = "$(TARGET_NAME)";
				SWIFT_EMIT_LOC_STRINGS = YES;
				SWIFT_VERSION = 5.0;
				TARGETED_DEVICE_FAMILY = 1;
			};
			name = Release;
		};
/* End XCBuildConfiguration section */

/* Begin XCConfigurationList section */
		77448C9D289020C20040A442 /* Build configuration list for PBXProject "Alias" */ = {
			isa = XCConfigurationList;
			buildConfigurations = (
				77448CB4289020C50040A442 /* Debug */,
				77448CB5289020C50040A442 /* Release */,
			);
			defaultConfigurationIsVisible = 0;
			defaultConfigurationName = Release;
		};
		77448CB6289020C50040A442 /* Build configuration list for PBXNativeTarget "Alias" */ = {
			isa = XCConfigurationList;
			buildConfigurations = (
				77448CB7289020C50040A442 /* Debug */,
				77448CB8289020C50040A442 /* Release */,
			);
			defaultConfigurationIsVisible = 0;
			defaultConfigurationName = Release;
		};
/* End XCConfigurationList section */
	};
	rootObject = 77448C9A289020C20040A442 /* Project object */;
}
